
Microsoft Visual Studio Solution File, Format Version 12.00
# Visual Studio 14
VisualStudioVersion = 14.0.25123.0
MinimumVisualStudioVersion = 10.0.40219.1
Project("{FAE04EC0-301F-11D3-BF4B-00C04F79EFBC}") = "StringCalculatorKata", "StringCalculatorKata\StringCalculatorKata.csproj", "{FCDD6446-5FE5-48CC-A088-8A8725F00C78}"
EndProject
Project("{FAE04EC0-301F-11D3-BF4B-00C04F79EFBC}") = "StringCalculatorKata.test", "StringCalculatorKata.txt\StringCalculatorKata.test.csproj", "{D4D82895-E1AA-499F-BE41-B642D73BA7E7}"
EndProject
Global
	GlobalSection(SolutionConfigurationPlatforms) = preSolution
		Debug|Any CPU = Debug|Any CPU
		Release|Any CPU = Release|Any CPU
	EndGlobalSection
	GlobalSection(ProjectConfigurationPlatforms) = postSolution
		{FCDD6446-5FE5-48CC-A088-8A8725F00C78}.Debug|Any CPU.ActiveCfg = Debug|Any CPU
		{FCDD6446-5FE5-48CC-A088-8A8725F00C78}.Debug|Any CPU.Build.0 = Debug|Any CPU
		{FCDD6446-5FE5-48CC-A088-8A8725F00C78}.Release|Any CPU.ActiveCfg = Release|Any CPU
		{FCDD6446-5FE5-48CC-A088-8A8725F00C78}.Release|Any CPU.Build.0 = Release|Any CPU
		{D4D82895-E1AA-499F-BE41-B642D73BA7E7}.Debug|Any CPU.ActiveCfg = Debug|Any CPU
		{D4D82895-E1AA-499F-BE41-B642D73BA7E7}.Debug|Any CPU.Build.0 = Debug|Any CPU
		{D4D82895-E1AA-499F-BE41-B642D73BA7E7}.Release|Any CPU.ActiveCfg = Release|Any CPU
		{D4D82895-E1AA-499F-BE41-B642D73BA7E7}.Release|Any CPU.Build.0 = Release|Any CPU
	EndGlobalSection
	GlobalSection(SolutionProperties) = preSolution
		HideSolutionNode = FALSE
	EndGlobalSection
EndGlobal
